// !$*UTF8*$!
{
	archiveVersion = 1;
	classes = {
	};
	objectVersion = 50;
	objects = {

/* Begin PBXBuildFile section */
		C313E3B027641804006A8644 /* AppDelegate.swift in Sources */ = {isa = PBXBuildFile; fileRef = C313E3AF27641804006A8644 /* AppDelegate.swift */; };
		C313E3B227641804006A8644 /* SceneDelegate.swift in Sources */ = {isa = PBXBuildFile; fileRef = C313E3B127641804006A8644 /* SceneDelegate.swift */; };
		C313E3B427641804006A8644 /* ViewController.swift in Sources */ = {isa = PBXBuildFile; fileRef = C313E3B327641804006A8644 /* ViewController.swift */; };
		C313E3B727641804006A8644 /* Main.storyboard in Resources */ = {isa = PBXBuildFile; fileRef = C313E3B527641804006A8644 /* Main.storyboard */; };
		C313E3B927641814006A8644 /* Assets.xcassets in Resources */ = {isa = PBXBuildFile; fileRef = C313E3B827641814006A8644 /* Assets.xcassets */; };
		C313E3BC27641814006A8644 /* LaunchScreen.storyboard in Resources */ = {isa = PBXBuildFile; fileRef = C313E3BA27641814006A8644 /* LaunchScreen.storyboard */; };
		C313E3CA27642852006A8644 /* music1.mp3 in Resources */ = {isa = PBXBuildFile; fileRef = C313E3C427642851006A8644 /* music1.mp3 */; };
		C313E3CB27642852006A8644 /* music6.mp3 in Resources */ = {isa = PBXBuildFile; fileRef = C313E3C527642851006A8644 /* music6.mp3 */; };
		C313E3CC27642852006A8644 /* music5.mp3 in Resources */ = {isa = PBXBuildFile; fileRef = C313E3C627642852006A8644 /* music5.mp3 */; };
		C313E3CD27642852006A8644 /* music3.mp3 in Resources */ = {isa = PBXBuildFile; fileRef = C313E3C727642852006A8644 /* music3.mp3 */; };
		C313E3CE27642852006A8644 /* music4.mp3 in Resources */ = {isa = PBXBuildFile; fileRef = C313E3C827642852006A8644 /* music4.mp3 */; };
		C313E3CF27642852006A8644 /* music2.mp3 in Resources */ = {isa = PBXBuildFile; fileRef = C313E3C927642852006A8644 /* music2.mp3 */; };
		C313E3D1276440E6006A8644 /* AudioViewController.swift in Sources */ = {isa = PBXBuildFile; fileRef = C313E3D0276440E6006A8644 /* AudioViewController.swift */; };
		C313E3D327659166006A8644 /* femaleBellaCiao.mp3 in Resources */ = {isa = PBXBuildFile; fileRef = C313E3D227659166006A8644 /* femaleBellaCiao.mp3 */; };
		C313E3D527659173006A8644 /* valarMorghulis.mp3 in Resources */ = {isa = PBXBuildFile; fileRef = C313E3D427659173006A8644 /* valarMorghulis.mp3 */; };
		C313E3D727659186006A8644 /* GOTtitlesong.mp3 in Resources */ = {isa = PBXBuildFile; fileRef = C313E3D627659185006A8644 /* GOTtitlesong.mp3 */; };
		C313E3D927659198006A8644 /* MaleBellaCiao.mp3 in Resources */ = {isa = PBXBuildFile; fileRef = C313E3D827659197006A8644 /* MaleBellaCiao.mp3 */; };
		C313E3DB276591A7006A8644 /* targeryan.mp3 in Resources */ = {isa = PBXBuildFile; fileRef = C313E3DA276591A7006A8644 /* targeryan.mp3 */; };
		C313E3DD276591BE006A8644 /* themeSong.mp3 in Resources */ = {isa = PBXBuildFile; fileRef = C313E3DC276591BE006A8644 /* themeSong.mp3 */; };
/* End PBXBuildFile section */

/* Begin PBXFileReference section */
		C313E3AC27641804006A8644 /* MyMusicCollection.app */ = {isa = PBXFileReference; explicitFileType = wrapper.application; includeInIndex = 0; path = MyMusicCollection.app; sourceTree = BUILT_PRODUCTS_DIR; };
		C313E3AF27641804006A8644 /* AppDelegate.swift */ = {isa = PBXFileReference; lastKnownFileType = sourcecode.swift; path = AppDelegate.swift; sourceTree = "<group>"; };
		C313E3B127641804006A8644 /* SceneDelegate.swift */ = {isa = PBXFileReference; lastKnownFileType = sourcecode.swift; path = SceneDelegate.swift; sourceTree = "<group>"; };
		C313E3B327641804006A8644 /* ViewController.swift */ = {isa = PBXFileReference; lastKnownFileType = sourcecode.swift; path = ViewController.swift; sourceTree = "<group>"; };
		C313E3B627641804006A8644 /* Base */ = {isa = PBXFileReference; lastKnownFileType = file.storyboard; name = Base; path = Base.lproj/Main.storyboard; sourceTree = "<group>"; };
		C313E3B827641814006A8644 /* Assets.xcassets */ = {isa = PBXFileReference; lastKnownFileType = folder.assetcatalog; path = Assets.xcassets; sourceTree = "<group>"; };
		C313E3BB27641814006A8644 /* Base */ = {isa = PBXFileReference; lastKnownFileType = file.storyboard; name = Base; path = Base.lproj/LaunchScreen.storyboard; sourceTree = "<group>"; };
		C313E3BD27641814006A8644 /* Info.plist */ = {isa = PBXFileReference; lastKnownFileType = text.plist.xml; path = Info.plist; sourceTree = "<group>"; };
		C313E3C427642851006A8644 /* music1.mp3 */ = {isa = PBXFileReference; lastKnownFileType = audio.mp3; name = music1.mp3; path = ../../../../../Downloads/Music/music1.mp3; sourceTree = "<group>"; };
		C313E3C527642851006A8644 /* music6.mp3 */ = {isa = PBXFileReference; lastKnownFileType = audio.mp3; name = music6.mp3; path = ../../../../../Downloads/Music/music6.mp3; sourceTree = "<group>"; };
		C313E3C627642852006A8644 /* music5.mp3 */ = {isa = PBXFileReference; lastKnownFileType = audio.mp3; name = music5.mp3; path = ../../../../../Downloads/Music/music5.mp3; sourceTree = "<group>"; };
		C313E3C727642852006A8644 /* music3.mp3 */ = {isa = PBXFileReference; lastKnownFileType = audio.mp3; name = music3.mp3; path = ../../../../../Downloads/Music/music3.mp3; sourceTree = "<group>"; };
		C313E3C827642852006A8644 /* music4.mp3 */ = {isa = PBXFileReference; lastKnownFileType = audio.mp3; name = music4.mp3; path = ../../../../../Downloads/Music/music4.mp3; sourceTree = "<group>"; };
		C313E3C927642852006A8644 /* music2.mp3 */ = {isa = PBXFileReference; lastKnownFileType = audio.mp3; name = music2.mp3; path = ../../../../../Downloads/Music/music2.mp3; sourceTree = "<group>"; };
		C313E3D0276440E6006A8644 /* AudioViewController.swift */ = {isa = PBXFileReference; lastKnownFileType = sourcecode.swift; path = AudioViewController.swift; sourceTree = "<group>"; };
		C313E3D227659166006A8644 /* femaleBellaCiao.mp3 */ = {isa = PBXFileReference; lastKnownFileType = audio.mp3; name = femaleBellaCiao.mp3; path = ../../../../../Downloads/Music/attachments/femaleBellaCiao.mp3; sourceTree = "<group>"; };
		C313E3D427659173006A8644 /* valarMorghulis.mp3 */ = {isa = PBXFileReference; lastKnownFileType = audio.mp3; name = valarMorghulis.mp3; path = ../../../../../Downloads/Music/attachments/valarMorghulis.mp3; sourceTree = "<group>"; };
		C313E3D627659185006A8644 /* GOTtitlesong.mp3 */ = {isa = PBXFileReference; lastKnownFileType = audio.mp3; name = GOTtitlesong.mp3; path = ../../../../../Downloads/Music/attachments/GOTtitlesong.mp3; sourceTree = "<group>"; };
		C313E3D827659197006A8644 /* MaleBellaCiao.mp3 */ = {isa = PBXFileReference; lastKnownFileType = audio.mp3; name = MaleBellaCiao.mp3; path = ../../../../../Downloads/Music/attachments/MaleBellaCiao.mp3; sourceTree = "<group>"; };
		C313E3DA276591A7006A8644 /* targeryan.mp3 */ = {isa = PBXFileReference; lastKnownFileType = audio.mp3; name = targeryan.mp3; path = ../../../../../Downloads/Music/attachments/targeryan.mp3; sourceTree = "<group>"; };
		C313E3DC276591BE006A8644 /* themeSong.mp3 */ = {isa = PBXFileReference; lastKnownFileType = audio.mp3; name = themeSong.mp3; path = ../../../../../Downloads/Music/attachments/themeSong.mp3; sourceTree = "<group>"; };
/* End PBXFileReference section */

/* Begin PBXFrameworksBuildPhase section */
		C313E3A927641804006A8644 /* Frameworks */ = {
			isa = PBXFrameworksBuildPhase;
			buildActionMask = 2147483647;
			files = (
			);
			runOnlyForDeploymentPostprocessing = 0;
		};
/* End PBXFrameworksBuildPhase section */

/* Begin PBXGroup section */
		C313E3A327641804006A8644 = {
			isa = PBXGroup;
			children = (
				C313E3AE27641804006A8644 /* MusicList */,
				C313E3AD27641804006A8644 /* Products */,
			);
			sourceTree = "<group>";
		};
		C313E3AD27641804006A8644 /* Products */ = {
			isa = PBXGroup;
			children = (
				C313E3AC27641804006A8644 /* MyMusicCollection.app */,
			);
			name = Products;
			sourceTree = "<group>";
		};
		C313E3AE27641804006A8644 /* MusicList */ = {
			isa = PBXGroup;
			children = (
				C313E3C327642511006A8644 /* Audio */,
				C313E3AF27641804006A8644 /* AppDelegate.swift */,
				C313E3B127641804006A8644 /* SceneDelegate.swift */,
				C313E3B327641804006A8644 /* ViewController.swift */,
				C313E3B527641804006A8644 /* Main.storyboard */,
				C313E3B827641814006A8644 /* Assets.xcassets */,
				C313E3BA27641814006A8644 /* LaunchScreen.storyboard */,
				C313E3BD27641814006A8644 /* Info.plist */,
				C313E3D0276440E6006A8644 /* AudioViewController.swift */,
			);
			path = MusicList;
			sourceTree = "<group>";
		};
		C313E3C327642511006A8644 /* Audio */ = {
			isa = PBXGroup;
			children = (
				C313E3C427642851006A8644 /* music1.mp3 */,
				C313E3D227659166006A8644 /* femaleBellaCiao.mp3 */,
				C313E3C927642852006A8644 /* music2.mp3 */,
				C313E3DC276591BE006A8644 /* themeSong.mp3 */,
				C313E3D827659197006A8644 /* MaleBellaCiao.mp3 */,
				C313E3C727642852006A8644 /* music3.mp3 */,
				C313E3DA276591A7006A8644 /* targeryan.mp3 */,
				C313E3D627659185006A8644 /* GOTtitlesong.mp3 */,
				C313E3D427659173006A8644 /* valarMorghulis.mp3 */,
				C313E3C827642852006A8644 /* music4.mp3 */,
				C313E3C627642852006A8644 /* music5.mp3 */,
				C313E3C527642851006A8644 /* music6.mp3 */,
			);
			path = Audio;
			sourceTree = "<group>";
		};
/* End PBXGroup section */

/* Begin PBXNativeTarget section */
		C313E3AB27641804006A8644 /* MyMusicCollection */ = {
			isa = PBXNativeTarget;
			buildConfigurationList = C313E3C027641814006A8644 /* Build configuration list for PBXNativeTarget "MyMusicCollection" */;
			buildPhases = (
				C313E3A827641804006A8644 /* Sources */,
				C313E3A927641804006A8644 /* Frameworks */,
				C313E3AA27641804006A8644 /* Resources */,
			);
			buildRules = (
			);
			dependencies = (
			);
			name = MyMusicCollection;
			productName = MusicList;
			productReference = C313E3AC27641804006A8644 /* MyMusicCollection.app */;
			productType = "com.apple.product-type.application";
		};
/* End PBXNativeTarget section */

/* Begin PBXProject section */
		C313E3A427641804006A8644 /* Project object */ = {
			isa = PBXProject;
			attributes = {
				LastSwiftUpdateCheck = 1250;
				LastUpgradeCheck = 1250;
				TargetAttributes = {
					C313E3AB27641804006A8644 = {
						CreatedOnToolsVersion = 12.5.1;
					};
				};
			};
			buildConfigurationList = C313E3A727641804006A8644 /* Build configuration list for PBXProject "MyMusicCollection" */;
			compatibilityVersion = "Xcode 9.3";
			developmentRegion = en;
			hasScannedForEncodings = 0;
			knownRegions = (
				en,
				Base,
			);
			mainGroup = C313E3A327641804006A8644;
			productRefGroup = C313E3AD27641804006A8644 /* Products */;
			projectDirPath = "";
			projectRoot = "";
			targets = (
				C313E3AB27641804006A8644 /* MyMusicCollection */,
			);
		};
/* End PBXProject section */

/* Begin PBXResourcesBuildPhase section */
		C313E3AA27641804006A8644 /* Resources */ = {
			isa = PBXResourcesBuildPhase;
			buildActionMask = 2147483647;
			files = (
				C313E3DD276591BE006A8644 /* themeSong.mp3 in Resources */,
				C313E3D927659198006A8644 /* MaleBellaCiao.mp3 in Resources */,
				C313E3CC27642852006A8644 /* music5.mp3 in Resources */,
				C313E3D527659173006A8644 /* valarMorghulis.mp3 in Resources */,
				C313E3BC27641814006A8644 /* LaunchScreen.storyboard in Resources */,
				C313E3B927641814006A8644 /* Assets.xcassets in Resources */,
				C313E3CA27642852006A8644 /* music1.mp3 in Resources */,
				C313E3CB27642852006A8644 /* music6.mp3 in Resources */,
				C313E3CE27642852006A8644 /* music4.mp3 in Resources */,
				C313E3DB276591A7006A8644 /* targeryan.mp3 in Resources */,
				C313E3CF27642852006A8644 /* music2.mp3 in Resources */,
				C313E3B727641804006A8644 /* Main.storyboard in Resources */,
				C313E3D727659186006A8644 /* GOTtitlesong.mp3 in Resources */,
				C313E3CD27642852006A8644 /* music3.mp3 in Resources */,
				C313E3D327659166006A8644 /* femaleBellaCiao.mp3 in Resources */,
			);
			runOnlyForDeploymentPostprocessing = 0;
		};
/* End PBXResourcesBuildPhase section */

/* Begin PBXSourcesBuildPhase section */
		C313E3A827641804006A8644 /* Sources */ = {
			isa = PBXSourcesBuildPhase;
			buildActionMask = 2147483647;
			files = (
				C313E3B427641804006A8644 /* ViewController.swift in Sources */,
				C313E3D1276440E6006A8644 /* AudioViewController.swift in Sources */,
				C313E3B027641804006A8644 /* AppDelegate.swift in Sources */,
				C313E3B227641804006A8644 /* SceneDelegate.swift in Sources */,
			);
			runOnlyForDeploymentPostprocessing = 0;
		};
/* End PBXSourcesBuildPhase section */

/* Begin PBXVariantGroup section */
		C313E3B527641804006A8644 /* Main.storyboard */ = {
			isa = PBXVariantGroup;
			children = (
				C313E3B627641804006A8644 /* Base */,
			);
			name = Main.storyboard;
			sourceTree = "<group>";
		};
		C313E3BA27641814006A8644 /* LaunchScreen.storyboard */ = {
			isa = PBXVariantGroup;
			children = (
				C313E3BB27641814006A8644 /* Base */,
			);
			name = LaunchScreen.storyboard;
			sourceTree = "<group>";
		};
/* End PBXVariantGroup section */

/* Begin XCBuildConfiguration section */
		C313E3BE27641814006A8644 /* Debug */ = {
			isa = XCBuildConfiguration;
			buildSettings = {
				ALWAYS_SEARCH_USER_PATHS = NO;
				CLANG_ANALYZER_NONNULL = YES;
				CLANG_ANALYZER_NUMBER_OBJECT_CONVERSION = YES_AGGRESSIVE;
				CLANG_CXX_LANGUAGE_STANDARD = "gnu++14";
				CLANG_CXX_LIBRARY = "libc++";
				CLANG_ENABLE_MODULES = YES;
				CLANG_ENABLE_OBJC_ARC = YES;
				CLANG_ENABLE_OBJC_WEAK = YES;
				CLANG_WARN_BLOCK_CAPTURE_AUTORELEASING = YES;
				CLANG_WARN_BOOL_CONVERSION = YES;
				CLANG_WARN_COMMA = YES;
				CLANG_WARN_CONSTANT_CONVERSION = YES;
				CLANG_WARN_DEPRECATED_OBJC_IMPLEMENTATIONS = YES;
				CLANG_WARN_DIRECT_OBJC_ISA_USAGE = YES_ERROR;
				CLANG_WARN_DOCUMENTATION_COMMENTS = YES;
				CLANG_WARN_EMPTY_BODY = YES;
				CLANG_WARN_ENUM_CONVERSION = YES;
				CLANG_WARN_INFINITE_RECURSION = YES;
				CLANG_WARN_INT_CONVERSION = YES;
				CLANG_WARN_NON_LITERAL_NULL_CONVERSION = YES;
				CLANG_WARN_OBJC_IMPLICIT_RETAIN_SELF = YES;
				CLANG_WARN_OBJC_LITERAL_CONVERSION = YES;
				CLANG_WARN_OBJC_ROOT_CLASS = YES_ERROR;
				CLANG_WARN_QUOTED_INCLUDE_IN_FRAMEWORK_HEADER = YES;
				CLANG_WARN_RANGE_LOOP_ANALYSIS = YES;
				CLANG_WARN_STRICT_PROTOTYPES = YES;
				CLANG_WARN_SUSPICIOUS_MOVE = YES;
				CLANG_WARN_UNGUARDED_AVAILABILITY = YES_AGGRESSIVE;
				CLANG_WARN_UNREACHABLE_CODE = YES;
				CLANG_WARN__DUPLICATE_METHOD_MATCH = YES;
				COPY_PHASE_STRIP = NO;
				DEBUG_INFORMATION_FORMAT = dwarf;
				ENABLE_STRICT_OBJC_MSGSEND = YES;
				ENABLE_TESTABILITY = YES;
				GCC_C_LANGUAGE_STANDARD = gnu11;
				GCC_DYNAMIC_NO_PIC = NO;
				GCC_NO_COMMON_BLOCKS = YES;
				GCC_OPTIMIZATION_LEVEL = 0;
				GCC_PREPROCESSOR_DEFINITIONS = (
					"DEBUG=1",
					"$(inherited)",
				);
				GCC_WARN_64_TO_32_BIT_CONVERSION = YES;
				GCC_WARN_ABOUT_RETURN_TYPE = YES_ERROR;
				GCC_WARN_UNDECLARED_SELECTOR = YES;
				GCC_WARN_UNINITIALIZED_AUTOS = YES_AGGRESSIVE;
				GCC_WARN_UNUSED_FUNCTION = YES;
				GCC_WARN_UNUSED_VARIABLE = YES;
				IPHONEOS_DEPLOYMENT_TARGET = 14.5;
				MTL_ENABLE_DEBUG_INFO = INCLUDE_SOURCE;
				MTL_FAST_MATH = YES;
				ONLY_ACTIVE_ARCH = YES;
				SDKROOT = iphoneos;
				SWIFT_ACTIVE_COMPILATION_CONDITIONS = DEBUG;
				SWIFT_OPTIMIZATION_LEVEL = "-Onone";
			};
			name = Debug;
		};
		C313E3BF27641814006A8644 /* Release */ = {
			isa = XCBuildConfiguration;
			buildSettings = {
				ALWAYS_SEARCH_USER_PATHS = NO;
				CLANG_ANALYZER_NONNULL = YES;
				CLANG_ANALYZER_NUMBER_OBJECT_CONVERSION = YES_AGGRESSIVE;
				CLANG_CXX_LANGUAGE_STANDARD = "gnu++14";
				CLANG_CXX_LIBRARY = "libc++";
				CLANG_ENABLE_MODULES = YES;
				CLANG_ENABLE_OBJC_ARC = YES;
				CLANG_ENABLE_OBJC_WEAK = YES;
				CLANG_WARN_BLOCK_CAPTURE_AUTORELEASING = YES;
				CLANG_WARN_BOOL_CONVERSION = YES;
				CLANG_WARN_COMMA = YES;
				CLANG_WARN_CONSTANT_CONVERSION = YES;
				CLANG_WARN_DEPRECATED_OBJC_IMPLEMENTATIONS = YES;
				CLANG_WARN_DIRECT_OBJC_ISA_USAGE = YES_ERROR;
				CLANG_WARN_DOCUMENTATION_COMMENTS = YES;
				CLANG_WARN_EMPTY_BODY = YES;
				CLANG_WARN_ENUM_CONVERSION = YES;
				CLANG_WARN_INFINITE_RECURSION = YES;
				CLANG_WARN_INT_CONVERSION = YES;
				CLANG_WARN_NON_LITERAL_NULL_CONVERSION = YES;
				CLANG_WARN_OBJC_IMPLICIT_RETAIN_SELF = YES;
				CLANG_WARN_OBJC_LITERAL_CONVERSION = YES;
				CLANG_WARN_OBJC_ROOT_CLASS = YES_ERROR;
				CLANG_WARN_QUOTED_INCLUDE_IN_FRAMEWORK_HEADER = YES;
				CLANG_WARN_RANGE_LOOP_ANALYSIS = YES;
				CLANG_WARN_STRICT_PROTOTYPES = YES;
				CLANG_WARN_SUSPICIOUS_MOVE = YES;
				CLANG_WARN_UNGUARDED_AVAILABILITY = YES_AGGRESSIVE;
				CLANG_WARN_UNREACHABLE_CODE = YES;
				CLANG_WARN__DUPLICATE_METHOD_MATCH = YES;
				COPY_PHASE_STRIP = NO;
				DEBUG_INFORMATION_FORMAT = "dwarf-with-dsym";
				ENABLE_NS_ASSERTIONS = NO;
				ENABLE_STRICT_OBJC_MSGSEND = YES;
				GCC_C_LANGUAGE_STANDARD = gnu11;
				GCC_NO_COMMON_BLOCKS = YES;
				GCC_WARN_64_TO_32_BIT_CONVERSION = YES;
				GCC_WARN_ABOUT_RETURN_TYPE = YES_ERROR;
				GCC_WARN_UNDECLARED_SELECTOR = YES;
				GCC_WARN_UNINITIALIZED_AUTOS = YES_AGGRESSIVE;
				GCC_WARN_UNUSED_FUNCTION = YES;
				GCC_WARN_UNUSED_VARIABLE = YES;
				IPHONEOS_DEPLOYMENT_TARGET = 14.5;
				MTL_ENABLE_DEBUG_INFO = NO;
				MTL_FAST_MATH = YES;
				SDKROOT = iphoneos;
				SWIFT_COMPILATION_MODE = wholemodule;
				SWIFT_OPTIMIZATION_LEVEL = "-O";
				VALIDATE_PRODUCT = YES;
			};
			name = Release;
		};
		C313E3C127641814006A8644 /* Debug */ = {
			isa = XCBuildConfiguration;
			buildSettings = {
				ASSETCATALOG_COMPILER_APPICON_NAME = AppIcon;
				ASSETCATALOG_COMPILER_GLOBAL_ACCENT_COLOR_NAME = AccentColor;
				CODE_SIGN_STYLE = Automatic;
				INFOPLIST_FILE = MusicList/Info.plist;
				LD_RUNPATH_SEARCH_PATHS = (
					"$(inherited)",
					"@executable_path/Frameworks",
				);
				PRODUCT_BUNDLE_IDENTIFIER = edu.northeastern.alivia.MusicList;
				PRODUCT_NAME = "$(TARGET_NAME)";
				SWIFT_VERSION = 5.0;
				TARGETED_DEVICE_FAMILY = "1,2";
			};
			name = Debug;
		};
		C313E3C227641814006A8644 /* Release */ = {
			isa = XCBuildConfiguration;
			buildSettings = {
				ASSETCATALOG_COMPILER_APPICON_NAME = AppIcon;
				ASSETCATALOG_COMPILER_GLOBAL_ACCENT_COLOR_NAME = AccentColor;
				CODE_SIGN_STYLE = Automatic;
				INFOPLIST_FILE = MusicList/Info.plist;
				LD_RUNPATH_SEARCH_PATHS = (
					"$(inherited)",
					"@executable_path/Frameworks",
				);
				PRODUCT_BUNDLE_IDENTIFIER = edu.northeastern.alivia.MusicList;
				PRODUCT_NAME = "$(TARGET_NAME)";
				SWIFT_VERSION = 5.0;
				TARGETED_DEVICE_FAMILY = "1,2";
			};
			name = Release;
		};
/* End XCBuildConfiguration section */

/* Begin XCConfigurationList section */
		C313E3A727641804006A8644 /* Build configuration list for PBXProject "MyMusicCollection" */ = {
			isa = XCConfigurationList;
			buildConfigurations = (
				C313E3BE27641814006A8644 /* Debug */,
				C313E3BF27641814006A8644 /* Release */,
			);
			defaultConfigurationIsVisible = 0;
			defaultConfigurationName = Release;
		};
		C313E3C027641814006A8644 /* Build configuration list for PBXNativeTarget "MyMusicCollection" */ = {
			isa = XCConfigurationList;
			buildConfigurations = (
				C313E3C127641814006A8644 /* Debug */,
				C313E3C227641814006A8644 /* Release */,
			);
			defaultConfigurationIsVisible = 0;
			defaultConfigurationName = Release;
		};
/* End XCConfigurationList section */
	};
	rootObject = C313E3A427641804006A8644 /* Project object */;
}
